
Microsoft Visual Studio Solution File, Format Version 12.00
# Visual Studio 15
VisualStudioVersion = 15.0.28307.572
MinimumVisualStudioVersion = 10.0.40219.1
Project("{E24C65DC-7377-472B-9ABA-BC803B73C61A}") = "AdminLTE", ".", "{7A011D4E-EDFB-4483-A01C-E64FBC64D9E3}"
	ProjectSection(WebsiteProperties) = preProject
		TargetFrameworkMoniker = ".NETFramework,Version%3Dv4.0"
		Debug.AspNetCompiler.VirtualPath = "/localhost_60288"
		Debug.AspNetCompiler.PhysicalPath = "..\..\..\Desktop\_Web\AdminLTE\"
		Debug.AspNetCompiler.TargetPath = "PrecompiledWeb\localhost_60288\"
		Debug.AspNetCompiler.Updateable = "true"
		Debug.AspNetCompiler.ForceOverwrite = "true"
		Debug.AspNetCompiler.FixedNames = "false"
		Debug.AspNetCompiler.Debug = "True"
		Release.AspNetCompiler.VirtualPath = "/localhost_60288"
		Release.AspNetCompiler.PhysicalPath = "..\..\..\Desktop\_Web\AdminLTE\"
		Release.AspNetCompiler.TargetPath = "PrecompiledWeb\localhost_60288\"
		Release.AspNetCompiler.Updateable = "true"
		Release.AspNetCompiler.ForceOverwrite = "true"
		Release.AspNetCompiler.FixedNames = "false"
		Release.AspNetCompiler.Debug = "False"
		VWDPort = "60288"
	EndProjectSection
EndProject
Global
	GlobalSection(SolutionConfigurationPlatforms) = preSolution
		Debug|Any CPU = Debug|Any CPU
	EndGlobalSection
	GlobalSection(ProjectConfigurationPlatforms) = postSolution
		{7A011D4E-EDFB-4483-A01C-E64FBC64D9E3}.Debug|Any CPU.ActiveCfg = Debug|Any CPU
		{7A011D4E-EDFB-4483-A01C-E64FBC64D9E3}.Debug|Any CPU.Build.0 = Debug|Any CPU
	EndGlobalSection
	GlobalSection(SolutionProperties) = preSolution
		HideSolutionNode = FALSE
	EndGlobalSection
	GlobalSection(ExtensibilityGlobals) = postSolution
		SolutionGuid = {C2D8D1E2-6545-4A72-B028-0209A00A1750}
	EndGlobalSection
EndGlobal
